PODS:
  - CCurve25519 (1.0.1)
  - CryptoSwift (1.3.1)
  - Curve25519 (2.0.0):
    - CCurve25519
  - SwiftProtobuf (1.8.0)

DEPENDENCIES:
  - CryptoSwift (~> 1.0)
  - Curve25519
  - SwiftProtobuf (~> 1.0)

SPEC REPOS:
  trunk:
    - CCurve25519
    - CryptoSwift
    - Curve25519
    - SwiftProtobuf

SPEC CHECKSUMS:
  CCurve25519: 70dc9f84124779f020e417d2fc4ba9e58919f074
  CryptoSwift: f12f037f6d0fcd6d48c96db0071b653de64e6c4d
  Curve25519: 5f33887c1eeb0308d1e7c4c6721d9907b56e56a3
  SwiftProtobuf: 2cbd9409689b7df170d82a92a33443c8e3e14a70

PODFILE CHECKSUM: c4b3119b68d67902e3d75ab32eb2140d8383d361

COCOAPODS: 1.9.1
